// !$*UTF8*$!
{
	archiveVersion = 1;
	classes = {
	};
	objectVersion = 46;
	objects = {

/* Begin PBXBuildFile section */
		57403DA71C4746CC0084AC76 /* main.m in Sources */ = {isa = PBXBuildFile; fileRef = 57403DA61C4746CC0084AC76 /* main.m */; };
		57403DAA1C4746CC0084AC76 /* AppDelegate.m in Sources */ = {isa = PBXBuildFile; fileRef = 57403DA91C4746CC0084AC76 /* AppDelegate.m */; };
		57403DAD1C4746CC0084AC76 /* ViewController.m in Sources */ = {isa = PBXBuildFile; fileRef = 57403DAC1C4746CC0084AC76 /* ViewController.m */; };
		57403DB01C4746CC0084AC76 /* Main.storyboard in Resources */ = {isa = PBXBuildFile; fileRef = 57403DAE1C4746CC0084AC76 /* Main.storyboard */; };
		57403DB21C4746CC0084AC76 /* Assets.xcassets in Resources */ = {isa = PBXBuildFile; fileRef = 57403DB11C4746CC0084AC76 /* Assets.xcassets */; };
		57403DB51C4746CC0084AC76 /* LaunchScreen.storyboard in Resources */ = {isa = PBXBuildFile; fileRef = 57403DB31C4746CC0084AC76 /* LaunchScreen.storyboard */; };
		57403DC01C4746CC0084AC76 /* _1_NSURLConnection____Tests.m in Sources */ = {isa = PBXBuildFile; fileRef = 57403DBF1C4746CC0084AC76 /* _1_NSURLConnection____Tests.m */; };
		57403DCB1C4746CC0084AC76 /* _1_NSURLConnection____UITests.m in Sources */ = {isa = PBXBuildFile; fileRef = 57403DCA1C4746CC0084AC76 /* _1_NSURLConnection____UITests.m */; };
/* End PBXBuildFile section */

/* Begin PBXContainerItemProxy section */
		57403DBC1C4746CC0084AC76 /* PBXContainerItemProxy */ = {
			isa = PBXContainerItemProxy;
			containerPortal = 57403D9A1C4746CB0084AC76 /* Project object */;
			proxyType = 1;
			remoteGlobalIDString = 57403DA11C4746CB0084AC76;
			remoteInfo = "01-NSURLConnection常用代码";
		};
		57403DC71C4746CC0084AC76 /* PBXContainerItemProxy */ = {
			isa = PBXContainerItemProxy;
			containerPortal = 57403D9A1C4746CB0084AC76 /* Project object */;
			proxyType = 1;
			remoteGlobalIDString = 57403DA11C4746CB0084AC76;
			remoteInfo = "01-NSURLConnection常用代码";
		};
/* End PBXContainerItemProxy section */

/* Begin PBXFileReference section */
		57403DA21C4746CB0084AC76 /* 01-NSURLConnection常用代码.app */ = {isa = PBXFileReference; explicitFileType = wrapper.application; includeInIndex = 0; path = "01-NSURLConnection常用代码.app"; sourceTree = BUILT_PRODUCTS_DIR; };
		57403DA61C4746CC0084AC76 /* main.m */ = {isa = PBXFileReference; lastKnownFileType = sourcecode.c.objc; path = main.m; sourceTree = "<group>"; };
		57403DA81C4746CC0084AC76 /* AppDelegate.h */ = {isa = PBXFileReference; lastKnownFileType = sourcecode.c.h; path = AppDelegate.h; sourceTree = "<group>"; };
		57403DA91C4746CC0084AC76 /* AppDelegate.m */ = {isa = PBXFileReference; lastKnownFileType = sourcecode.c.objc; path = AppDelegate.m; sourceTree = "<group>"; };
		57403DAB1C4746CC0084AC76 /* ViewController.h */ = {isa = PBXFileReference; lastKnownFileType = sourcecode.c.h; path = ViewController.h; sourceTree = "<group>"; };
		57403DAC1C4746CC0084AC76 /* ViewController.m */ = {isa = PBXFileReference; lastKnownFileType = sourcecode.c.objc; path = ViewController.m; sourceTree = "<group>"; };
		57403DAF1C4746CC0084AC76 /* Base */ = {isa = PBXFileReference; lastKnownFileType = file.storyboard; name = Base; path = Base.lproj/Main.storyboard; sourceTree = "<group>"; };
		57403DB11C4746CC0084AC76 /* Assets.xcassets */ = {isa = PBXFileReference; lastKnownFileType = folder.assetcatalog; path = Assets.xcassets; sourceTree = "<group>"; };
		57403DB41C4746CC0084AC76 /* Base */ = {isa = PBXFileReference; lastKnownFileType = file.storyboard; name = Base; path = Base.lproj/LaunchScreen.storyboard; sourceTree = "<group>"; };
		57403DB61C4746CC0084AC76 /* Info.plist */ = {isa = PBXFileReference; lastKnownFileType = text.plist.xml; path = Info.plist; sourceTree = "<group>"; };
		57403DBB1C4746CC0084AC76 /* 01-NSURLConnection常用代码Tests.xctest */ = {isa = PBXFileReference; explicitFileType = wrapper.cfbundle; includeInIndex = 0; path = "01-NSURLConnection常用代码Tests.xctest"; sourceTree = BUILT_PRODUCTS_DIR; };
		57403DBF1C4746CC0084AC76 /* _1_NSURLConnection____Tests.m */ = {isa = PBXFileReference; lastKnownFileType = sourcecode.c.objc; path = "_1_NSURLConnection____Tests.m"; sourceTree = "<group>"; };
		57403DC11C4746CC0084AC76 /* Info.plist */ = {isa = PBXFileReference; lastKnownFileType = text.plist.xml; path = Info.plist; sourceTree = "<group>"; };
		57403DC61C4746CC0084AC76 /* 01-NSURLConnection常用代码UITests.xctest */ = {isa = PBXFileReference; explicitFileType = wrapper.cfbundle; includeInIndex = 0; path = "01-NSURLConnection常用代码UITests.xctest"; sourceTree = BUILT_PRODUCTS_DIR; };
		57403DCA1C4746CC0084AC76 /* _1_NSURLConnection____UITests.m */ = {isa = PBXFileReference; lastKnownFileType = sourcecode.c.objc; path = "_1_NSURLConnection____UITests.m"; sourceTree = "<group>"; };
		57403DCC1C4746CC0084AC76 /* Info.plist */ = {isa = PBXFileReference; lastKnownFileType = text.plist.xml; path = Info.plist; sourceTree = "<group>"; };
/* End PBXFileReference section */

/* Begin PBXFrameworksBuildPhase section */
		57403D9F1C4746CB0084AC76 /* Frameworks */ = {
			isa = PBXFrameworksBuildPhase;
			buildActionMask = 2147483647;
			files = (
			);
			runOnlyForDeploymentPostprocessing = 0;
		};
		57403DB81C4746CC0084AC76 /* Frameworks */ = {
			isa = PBXFrameworksBuildPhase;
			buildActionMask = 2147483647;
			files = (
			);
			runOnlyForDeploymentPostprocessing = 0;
		};
		57403DC31C4746CC0084AC76 /* Frameworks */ = {
			isa = PBXFrameworksBuildPhase;
			buildActionMask = 2147483647;
			files = (
			);
			runOnlyForDeploymentPostprocessing = 0;
		};
/* End PBXFrameworksBuildPhase section */

/* Begin PBXGroup section */
		57403D991C4746CB0084AC76 = {
			isa = PBXGroup;
			children = (
				57403DA41C4746CB0084AC76 /* 01-NSURLConnection常用代码 */,
				57403DBE1C4746CC0084AC76 /* 01-NSURLConnection常用代码Tests */,
				57403DC91C4746CC0084AC76 /* 01-NSURLConnection常用代码UITests */,
				57403DA31C4746CB0084AC76 /* Products */,
			);
			sourceTree = "<group>";
		};
		57403DA31C4746CB0084AC76 /* Products */ = {
			isa = PBXGroup;
			children = (
				57403DA21C4746CB0084AC76 /* 01-NSURLConnection常用代码.app */,
				57403DBB1C4746CC0084AC76 /* 01-NSURLConnection常用代码Tests.xctest */,
				57403DC61C4746CC0084AC76 /* 01-NSURLConnection常用代码UITests.xctest */,
			);
			name = Products;
			sourceTree = "<group>";
		};
		57403DA41C4746CB0084AC76 /* 01-NSURLConnection常用代码 */ = {
			isa = PBXGroup;
			children = (
				57403DA81C4746CC0084AC76 /* AppDelegate.h */,
				57403DA91C4746CC0084AC76 /* AppDelegate.m */,
				57403DAB1C4746CC0084AC76 /* ViewController.h */,
				57403DAC1C4746CC0084AC76 /* ViewController.m */,
				57403DAE1C4746CC0084AC76 /* Main.storyboard */,
				57403DB11C4746CC0084AC76 /* Assets.xcassets */,
				57403DB31C4746CC0084AC76 /* LaunchScreen.storyboard */,
				57403DB61C4746CC0084AC76 /* Info.plist */,
				57403DA51C4746CB0084AC76 /* Supporting Files */,
			);
			path = "01-NSURLConnection常用代码";
			sourceTree = "<group>";
		};
		57403DA51C4746CB0084AC76 /* Supporting Files */ = {
			isa = PBXGroup;
			children = (
				57403DA61C4746CC0084AC76 /* main.m */,
			);
			name = "Supporting Files";
			sourceTree = "<group>";
		};
		57403DBE1C4746CC0084AC76 /* 01-NSURLConnection常用代码Tests */ = {
			isa = PBXGroup;
			children = (
				57403DBF1C4746CC0084AC76 /* _1_NSURLConnection____Tests.m */,
				57403DC11C4746CC0084AC76 /* Info.plist */,
			);
			path = "01-NSURLConnection常用代码Tests";
			sourceTree = "<group>";
		};
		57403DC91C4746CC0084AC76 /* 01-NSURLConnection常用代码UITests */ = {
			isa = PBXGroup;
			children = (
				57403DCA1C4746CC0084AC76 /* _1_NSURLConnection____UITests.m */,
				57403DCC1C4746CC0084AC76 /* Info.plist */,
			);
			path = "01-NSURLConnection常用代码UITests";
			sourceTree = "<group>";
		};
/* End PBXGroup section */

/* Begin PBXNativeTarget section */
		57403DA11C4746CB0084AC76 /* 01-NSURLConnection常用代码 */ = {
			isa = PBXNativeTarget;
			buildConfigurationList = 57403DCF1C4746CC0084AC76 /* Build configuration list for PBXNativeTarget "01-NSURLConnection常用代码" */;
			buildPhases = (
				57403D9E1C4746CB0084AC76 /* Sources */,
				57403D9F1C4746CB0084AC76 /* Frameworks */,
				57403DA01C4746CB0084AC76 /* Resources */,
			);
			buildRules = (
			);
			dependencies = (
			);
			name = "01-NSURLConnection常用代码";
			productName = "01-NSURLConnection常用代码";
			productReference = 57403DA21C4746CB0084AC76 /* 01-NSURLConnection常用代码.app */;
			productType = "com.apple.product-type.application";
		};
		57403DBA1C4746CC0084AC76 /* 01-NSURLConnection常用代码Tests */ = {
			isa = PBXNativeTarget;
			buildConfigurationList = 57403DD21C4746CC0084AC76 /* Build configuration list for PBXNativeTarget "01-NSURLConnection常用代码Tests" */;
			buildPhases = (
				57403DB71C4746CC0084AC76 /* Sources */,
				57403DB81C4746CC0084AC76 /* Frameworks */,
				57403DB91C4746CC0084AC76 /* Resources */,
			);
			buildRules = (
			);
			dependencies = (
				57403DBD1C4746CC0084AC76 /* PBXTargetDependency */,
			);
			name = "01-NSURLConnection常用代码Tests";
			productName = "01-NSURLConnection常用代码Tests";
			productReference = 57403DBB1C4746CC0084AC76 /* 01-NSURLConnection常用代码Tests.xctest */;
			productType = "com.apple.product-type.bundle.unit-test";
		};
		57403DC51C4746CC0084AC76 /* 01-NSURLConnection常用代码UITests */ = {
			isa = PBXNativeTarget;
			buildConfigurationList = 57403DD51C4746CC0084AC76 /* Build configuration list for PBXNativeTarget "01-NSURLConnection常用代码UITests" */;
			buildPhases = (
				57403DC21C4746CC0084AC76 /* Sources */,
				57403DC31C4746CC0084AC76 /* Frameworks */,
				57403DC41C4746CC0084AC76 /* Resources */,
			);
			buildRules = (
			);
			dependencies = (
				57403DC81C4746CC0084AC76 /* PBXTargetDependency */,
			);
			name = "01-NSURLConnection常用代码UITests";
			productName = "01-NSURLConnection常用代码UITests";
			productReference = 57403DC61C4746CC0084AC76 /* 01-NSURLConnection常用代码UITests.xctest */;
			productType = "com.apple.product-type.bundle.ui-testing";
		};
/* End PBXNativeTarget section */

/* Begin PBXProject section */
		57403D9A1C4746CB0084AC76 /* Project object */ = {
			isa = PBXProject;
			attributes = {
				LastUpgradeCheck = 0720;
				ORGANIZATIONNAME = Heaven;
				TargetAttributes = {
					57403DA11C4746CB0084AC76 = {
						CreatedOnToolsVersion = 7.2;
						DevelopmentTeam = W2XG7P2NCL;
					};
					57403DBA1C4746CC0084AC76 = {
						CreatedOnToolsVersion = 7.2;
						DevelopmentTeam = W2XG7P2NCL;
						TestTargetID = 57403DA11C4746CB0084AC76;
					};
					57403DC51C4746CC0084AC76 = {
						CreatedOnToolsVersion = 7.2;
						DevelopmentTeam = W2XG7P2NCL;
						TestTargetID = 57403DA11C4746CB0084AC76;
					};
				};
			};
			buildConfigurationList = 57403D9D1C4746CB0084AC76 /* Build configuration list for PBXProject "01-NSURLConnection常用代码" */;
			compatibilityVersion = "Xcode 3.2";
			developmentRegion = English;
			hasScannedForEncodings = 0;
			knownRegions = (
				en,
				Base,
			);
			mainGroup = 57403D991C4746CB0084AC76;
			productRefGroup = 57403DA31C4746CB0084AC76 /* Products */;
			projectDirPath = "";
			projectRoot = "";
			targets = (
				57403DA11C4746CB0084AC76 /* 01-NSURLConnection常用代码 */,
				57403DBA1C4746CC0084AC76 /* 01-NSURLConnection常用代码Tests */,
				57403DC51C4746CC0084AC76 /* 01-NSURLConnection常用代码UITests */,
			);
		};
/* End PBXProject section */

/* Begin PBXResourcesBuildPhase section */
		57403DA01C4746CB0084AC76 /* Resources */ = {
			isa = PBXResourcesBuildPhase;
			buildActionMask = 2147483647;
			files = (
				57403DB51C4746CC0084AC76 /* LaunchScreen.storyboard in Resources */,
				57403DB21C4746CC0084AC76 /* Assets.xcassets in Resources */,
				57403DB01C4746CC0084AC76 /* Main.storyboard in Resources */,
			);
			runOnlyForDeploymentPostprocessing = 0;
		};
		57403DB91C4746CC0084AC76 /* Resources */ = {
			isa = PBXResourcesBuildPhase;
			buildActionMask = 2147483647;
			files = (
			);
			runOnlyForDeploymentPostprocessing = 0;
		};
		57403DC41C4746CC0084AC76 /* Resources */ = {
			isa = PBXResourcesBuildPhase;
			buildActionMask = 2147483647;
			files = (
			);
			runOnlyForDeploymentPostprocessing = 0;
		};
/* End PBXResourcesBuildPhase section */

/* Begin PBXSourcesBuildPhase section */
		57403D9E1C4746CB0084AC76 /* Sources */ = {
			isa = PBXSourcesBuildPhase;
			buildActionMask = 2147483647;
			files = (
				57403DAD1C4746CC0084AC76 /* ViewController.m in Sources */,
				57403DAA1C4746CC0084AC76 /* AppDelegate.m in Sources */,
				57403DA71C4746CC0084AC76 /* main.m in Sources */,
			);
			runOnlyForDeploymentPostprocessing = 0;
		};
		57403DB71C4746CC0084AC76 /* Sources */ = {
			isa = PBXSourcesBuildPhase;
			buildActionMask = 2147483647;
			files = (
				57403DC01C4746CC0084AC76 /* _1_NSURLConnection____Tests.m in Sources */,
			);
			runOnlyForDeploymentPostprocessing = 0;
		};
		57403DC21C4746CC0084AC76 /* Sources */ = {
			isa = PBXSourcesBuildPhase;
			buildActionMask = 2147483647;
			files = (
				57403DCB1C4746CC0084AC76 /* _1_NSURLConnection____UITests.m in Sources */,
			);
			runOnlyForDeploymentPostprocessing = 0;
		};
/* End PBXSourcesBuildPhase section */

/* Begin PBXTargetDependency section */
		57403DBD1C4746CC0084AC76 /* PBXTargetDependency */ = {
			isa = PBXTargetDependency;
			target = 57403DA11C4746CB0084AC76 /* 01-NSURLConnection常用代码 */;
			targetProxy = 57403DBC1C4746CC0084AC76 /* PBXContainerItemProxy */;
		};
		57403DC81C4746CC0084AC76 /* PBXTargetDependency */ = {
			isa = PBXTargetDependency;
			target = 57403DA11C4746CB0084AC76 /* 01-NSURLConnection常用代码 */;
			targetProxy = 57403DC71C4746CC0084AC76 /* PBXContainerItemProxy */;
		};
/* End PBXTargetDependency section */

/* Begin PBXVariantGroup section */
		57403DAE1C4746CC0084AC76 /* Main.storyboard */ = {
			isa = PBXVariantGroup;
			children = (
				57403DAF1C4746CC0084AC76 /* Base */,
			);
			name = Main.storyboard;
			sourceTree = "<group>";
		};
		57403DB31C4746CC0084AC76 /* LaunchScreen.storyboard */ = {
			isa = PBXVariantGroup;
			children = (
				57403DB41C4746CC0084AC76 /* Base */,
			);
			name = LaunchScreen.storyboard;
			sourceTree = "<group>";
		};
/* End PBXVariantGroup section */

/* Begin XCBuildConfiguration section */
		57403DCD1C4746CC0084AC76 /* Debug */ = {
			isa = XCBuildConfiguration;
			buildSettings = {
				ALWAYS_SEARCH_USER_PATHS = NO;
				CLANG_CXX_LANGUAGE_STANDARD = "gnu++0x";
				CLANG_CXX_LIBRARY = "libc++";
				CLANG_ENABLE_MODULES = YES;
				CLANG_ENABLE_OBJC_ARC = YES;
				CLANG_WARN_BOOL_CONVERSION = YES;
				CLANG_WARN_CONSTANT_CONVERSION = YES;
				CLANG_WARN_DIRECT_OBJC_ISA_USAGE = YES_ERROR;
				CLANG_WARN_EMPTY_BODY = YES;
				CLANG_WARN_ENUM_CONVERSION = YES;
				CLANG_WARN_INT_CONVERSION = YES;
				CLANG_WARN_OBJC_ROOT_CLASS = YES_ERROR;
				CLANG_WARN_UNREACHABLE_CODE = YES;
				CLANG_WARN__DUPLICATE_METHOD_MATCH = YES;
				"CODE_SIGN_IDENTITY[sdk=iphoneos*]" = "iPhone Developer";
				COPY_PHASE_STRIP = NO;
				DEBUG_INFORMATION_FORMAT = dwarf;
				ENABLE_STRICT_OBJC_MSGSEND = YES;
				ENABLE_TESTABILITY = YES;
				GCC_C_LANGUAGE_STANDARD = gnu99;
				GCC_DYNAMIC_NO_PIC = NO;
				GCC_NO_COMMON_BLOCKS = YES;
				GCC_OPTIMIZATION_LEVEL = 0;
				GCC_PREPROCESSOR_DEFINITIONS = (
					"DEBUG=1",
					"$(inherited)",
				);
				GCC_WARN_64_TO_32_BIT_CONVERSION = YES;
				GCC_WARN_ABOUT_RETURN_TYPE = YES_ERROR;
				GCC_WARN_UNDECLARED_SELECTOR = YES;
				GCC_WARN_UNINITIALIZED_AUTOS = YES_AGGRESSIVE;
				GCC_WARN_UNUSED_FUNCTION = YES;
				GCC_WARN_UNUSED_VARIABLE = YES;
				IPHONEOS_DEPLOYMENT_TARGET = 9.2;
				MTL_ENABLE_DEBUG_INFO = YES;
				ONLY_ACTIVE_ARCH = YES;
				SDKROOT = iphoneos;
				TARGETED_DEVICE_FAMILY = "1,2";
			};
			name = Debug;
		};
		57403DCE1C4746CC0084AC76 /* Release */ = {
			isa = XCBuildConfiguration;
			buildSettings = {
				ALWAYS_SEARCH_USER_PATHS = NO;
				CLANG_CXX_LANGUAGE_STANDARD = "gnu++0x";
				CLANG_CXX_LIBRARY = "libc++";
				CLANG_ENABLE_MODULES = YES;
				CLANG_ENABLE_OBJC_ARC = YES;
				CLANG_WARN_BOOL_CONVERSION = YES;
				CLANG_WARN_CONSTANT_CONVERSION = YES;
				CLANG_WARN_DIRECT_OBJC_ISA_USAGE = YES_ERROR;
				CLANG_WARN_EMPTY_BODY = YES;
				CLANG_WARN_ENUM_CONVERSION = YES;
				CLANG_WARN_INT_CONVERSION = YES;
				CLANG_WARN_OBJC_ROOT_CLASS = YES_ERROR;
				CLANG_WARN_UNREACHABLE_CODE = YES;
				CLANG_WARN__DUPLICATE_METHOD_MATCH = YES;
				"CODE_SIGN_IDENTITY[sdk=iphoneos*]" = "iPhone Developer";
				COPY_PHASE_STRIP = NO;
				DEBUG_INFORMATION_FORMAT = "dwarf-with-dsym";
				ENABLE_NS_ASSERTIONS = NO;
				ENABLE_STRICT_OBJC_MSGSEND = YES;
				GCC_C_LANGUAGE_STANDARD = gnu99;
				GCC_NO_COMMON_BLOCKS = YES;
				GCC_WARN_64_TO_32_BIT_CONVERSION = YES;
				GCC_WARN_ABOUT_RETURN_TYPE = YES_ERROR;
				GCC_WARN_UNDECLARED_SELECTOR = YES;
				GCC_WARN_UNINITIALIZED_AUTOS = YES_AGGRESSIVE;
				GCC_WARN_UNUSED_FUNCTION = YES;
				GCC_WARN_UNUSED_VARIABLE = YES;
				IPHONEOS_DEPLOYMENT_TARGET = 9.2;
				MTL_ENABLE_DEBUG_INFO = NO;
				SDKROOT = iphoneos;
				TARGETED_DEVICE_FAMILY = "1,2";
				VALIDATE_PRODUCT = YES;
			};
			name = Release;
		};
		57403DD01C4746CC0084AC76 /* Debug */ = {
			isa = XCBuildConfiguration;
			buildSettings = {
				ASSETCATALOG_COMPILER_APPICON_NAME = AppIcon;
				INFOPLIST_FILE = "01-NSURLConnection常用代码/Info.plist";
				IPHONEOS_DEPLOYMENT_TARGET = 8.1;
				LD_RUNPATH_SEARCH_PATHS = "$(inherited) @executable_path/Frameworks";
				PRODUCT_BUNDLE_IDENTIFIER = "com.zzu.-1-NSURLConnection----";
				PRODUCT_NAME = "$(TARGET_NAME)";
			};
			name = Debug;
		};
		57403DD11C4746CC0084AC76 /* Release */ = {
			isa = XCBuildConfiguration;
			buildSettings = {
				ASSETCATALOG_COMPILER_APPICON_NAME = AppIcon;
				INFOPLIST_FILE = "01-NSURLConnection常用代码/Info.plist";
				IPHONEOS_DEPLOYMENT_TARGET = 8.1;
				LD_RUNPATH_SEARCH_PATHS = "$(inherited) @executable_path/Frameworks";
				PRODUCT_BUNDLE_IDENTIFIER = "com.zzu.-1-NSURLConnection----";
				PRODUCT_NAME = "$(TARGET_NAME)";
			};
			name = Release;
		};
		57403DD31C4746CC0084AC76 /* Debug */ = {
			isa = XCBuildConfiguration;
			buildSettings = {
				BUNDLE_LOADER = "$(TEST_HOST)";
				INFOPLIST_FILE = "01-NSURLConnection常用代码Tests/Info.plist";
				LD_RUNPATH_SEARCH_PATHS = "$(inherited) @executable_path/Frameworks @loader_path/Frameworks";
				PRODUCT_BUNDLE_IDENTIFIER = "com.zzu.-1-NSURLConnection----Tests";
				PRODUCT_NAME = "$(TARGET_NAME)";
				TEST_HOST = "$(BUILT_PRODUCTS_DIR)/01-NSURLConnection常用代码.app/01-NSURLConnection常用代码";
			};
			name = Debug;
		};
		57403DD41C4746CC0084AC76 /* Release */ = {
			isa = XCBuildConfiguration;
			buildSettings = {
				BUNDLE_LOADER = "$(TEST_HOST)";
				INFOPLIST_FILE = "01-NSURLConnection常用代码Tests/Info.plist";
				LD_RUNPATH_SEARCH_PATHS = "$(inherited) @executable_path/Frameworks @loader_path/Frameworks";
				PRODUCT_BUNDLE_IDENTIFIER = "com.zzu.-1-NSURLConnection----Tests";
				PRODUCT_NAME = "$(TARGET_NAME)";
				TEST_HOST = "$(BUILT_PRODUCTS_DIR)/01-NSURLConnection常用代码.app/01-NSURLConnection常用代码";
			};
			name = Release;
		};
		57403DD61C4746CC0084AC76 /* Debug */ = {
			isa = XCBuildConfiguration;
			buildSettings = {
				INFOPLIST_FILE = "01-NSURLConnection常用代码UITests/Info.plist";
				LD_RUNPATH_SEARCH_PATHS = "$(inherited) @executable_path/Frameworks @loader_path/Frameworks";
				PRODUCT_BUNDLE_IDENTIFIER = "com.zzu.-1-NSURLConnection----UITests";
				PRODUCT_NAME = "$(TARGET_NAME)";
				TEST_TARGET_NAME = "01-NSURLConnection常用代码";
				USES_XCTRUNNER = YES;
			};
			name = Debug;
		};
		57403DD71C4746CC0084AC76 /* Release */ = {
			isa = XCBuildConfiguration;
			buildSettings = {
				INFOPLIST_FILE = "01-NSURLConnection常用代码UITests/Info.plist";
				LD_RUNPATH_SEARCH_PATHS = "$(inherited) @executable_path/Frameworks @loader_path/Frameworks";
				PRODUCT_BUNDLE_IDENTIFIER = "com.zzu.-1-NSURLConnection----UITests";
				PRODUCT_NAME = "$(TARGET_NAME)";
				TEST_TARGET_NAME = "01-NSURLConnection常用代码";
				USES_XCTRUNNER = YES;
			};
			name = Release;
		};
/* End XCBuildConfiguration section */

/* Begin XCConfigurationList section */
		57403D9D1C4746CB0084AC76 /* Build configuration list for PBXProject "01-NSURLConnection常用代码" */ = {
			isa = XCConfigurationList;
			buildConfigurations = (
				57403DCD1C4746CC0084AC76 /* Debug */,
				57403DCE1C4746CC0084AC76 /* Release */,
			);
			defaultConfigurationIsVisible = 0;
			defaultConfigurationName = Release;
		};
		57403DCF1C4746CC0084AC76 /* Build configuration list for PBXNativeTarget "01-NSURLConnection常用代码" */ = {
			isa = XCConfigurationList;
			buildConfigurations = (
				57403DD01C4746CC0084AC76 /* Debug */,
				57403DD11C4746CC0084AC76 /* Release */,
			);
			defaultConfigurationIsVisible = 0;
		};
		57403DD21C4746CC0084AC76 /* Build configuration list for PBXNativeTarget "01-NSURLConnection常用代码Tests" */ = {
			isa = XCConfigurationList;
			buildConfigurations = (
				57403DD31C4746CC0084AC76 /* Debug */,
				57403DD41C4746CC0084AC76 /* Release */,
			);
			defaultConfigurationIsVisible = 0;
		};
		57403DD51C4746CC0084AC76 /* Build configuration list for PBXNativeTarget "01-NSURLConnection常用代码UITests" */ = {
			isa = XCConfigurationList;
			buildConfigurations = (
				57403DD61C4746CC0084AC76 /* Debug */,
				57403DD71C4746CC0084AC76 /* Release */,
			);
			defaultConfigurationIsVisible = 0;
		};
/* End XCConfigurationList section */
	};
	rootObject = 57403D9A1C4746CB0084AC76 /* Project object */;
}
