// !$*UTF8*$!
{
	archiveVersion = 1;
	classes = {
	};
	objectVersion = 46;
	objects = {

/* Begin PBXBuildFile section */
		57403E251C47579D0084AC76 /* main.m in Sources */ = {isa = PBXBuildFile; fileRef = 57403E241C47579D0084AC76 /* main.m */; };
		57403E281C47579D0084AC76 /* AppDelegate.m in Sources */ = {isa = PBXBuildFile; fileRef = 57403E271C47579D0084AC76 /* AppDelegate.m */; };
		57403E2B1C47579D0084AC76 /* ViewController.m in Sources */ = {isa = PBXBuildFile; fileRef = 57403E2A1C47579D0084AC76 /* ViewController.m */; };
		57403E2E1C47579D0084AC76 /* Main.storyboard in Resources */ = {isa = PBXBuildFile; fileRef = 57403E2C1C47579D0084AC76 /* Main.storyboard */; };
		57403E301C47579D0084AC76 /* Assets.xcassets in Resources */ = {isa = PBXBuildFile; fileRef = 57403E2F1C47579D0084AC76 /* Assets.xcassets */; };
		57403E331C47579D0084AC76 /* LaunchScreen.storyboard in Resources */ = {isa = PBXBuildFile; fileRef = 57403E311C47579D0084AC76 /* LaunchScreen.storyboard */; };
		57403E3E1C47579D0084AC76 /* _3_NSURLConnection_NSURLRequestTests.m in Sources */ = {isa = PBXBuildFile; fileRef = 57403E3D1C47579D0084AC76 /* _3_NSURLConnection_NSURLRequestTests.m */; };
		57403E491C47579D0084AC76 /* _3_NSURLConnection_NSURLRequestUITests.m in Sources */ = {isa = PBXBuildFile; fileRef = 57403E481C47579D0084AC76 /* _3_NSURLConnection_NSURLRequestUITests.m */; };
/* End PBXBuildFile section */

/* Begin PBXContainerItemProxy section */
		57403E3A1C47579D0084AC76 /* PBXContainerItemProxy */ = {
			isa = PBXContainerItemProxy;
			containerPortal = 57403E181C47579D0084AC76 /* Project object */;
			proxyType = 1;
			remoteGlobalIDString = 57403E1F1C47579D0084AC76;
			remoteInfo = "03-NSURLConnection-NSURLRequest";
		};
		57403E451C47579D0084AC76 /* PBXContainerItemProxy */ = {
			isa = PBXContainerItemProxy;
			containerPortal = 57403E181C47579D0084AC76 /* Project object */;
			proxyType = 1;
			remoteGlobalIDString = 57403E1F1C47579D0084AC76;
			remoteInfo = "03-NSURLConnection-NSURLRequest";
		};
/* End PBXContainerItemProxy section */

/* Begin PBXFileReference section */
		57403E201C47579D0084AC76 /* 03-NSURLConnection-NSURLRequest.app */ = {isa = PBXFileReference; explicitFileType = wrapper.application; includeInIndex = 0; path = "03-NSURLConnection-NSURLRequest.app"; sourceTree = BUILT_PRODUCTS_DIR; };
		57403E241C47579D0084AC76 /* main.m */ = {isa = PBXFileReference; lastKnownFileType = sourcecode.c.objc; path = main.m; sourceTree = "<group>"; };
		57403E261C47579D0084AC76 /* AppDelegate.h */ = {isa = PBXFileReference; lastKnownFileType = sourcecode.c.h; path = AppDelegate.h; sourceTree = "<group>"; };
		57403E271C47579D0084AC76 /* AppDelegate.m */ = {isa = PBXFileReference; lastKnownFileType = sourcecode.c.objc; path = AppDelegate.m; sourceTree = "<group>"; };
		57403E291C47579D0084AC76 /* ViewController.h */ = {isa = PBXFileReference; lastKnownFileType = sourcecode.c.h; path = ViewController.h; sourceTree = "<group>"; };
		57403E2A1C47579D0084AC76 /* ViewController.m */ = {isa = PBXFileReference; lastKnownFileType = sourcecode.c.objc; path = ViewController.m; sourceTree = "<group>"; };
		57403E2D1C47579D0084AC76 /* Base */ = {isa = PBXFileReference; lastKnownFileType = file.storyboard; name = Base; path = Base.lproj/Main.storyboard; sourceTree = "<group>"; };
		57403E2F1C47579D0084AC76 /* Assets.xcassets */ = {isa = PBXFileReference; lastKnownFileType = folder.assetcatalog; path = Assets.xcassets; sourceTree = "<group>"; };
		57403E321C47579D0084AC76 /* Base */ = {isa = PBXFileReference; lastKnownFileType = file.storyboard; name = Base; path = Base.lproj/LaunchScreen.storyboard; sourceTree = "<group>"; };
		57403E341C47579D0084AC76 /* Info.plist */ = {isa = PBXFileReference; lastKnownFileType = text.plist.xml; path = Info.plist; sourceTree = "<group>"; };
		57403E391C47579D0084AC76 /* 03-NSURLConnection-NSURLRequestTests.xctest */ = {isa = PBXFileReference; explicitFileType = wrapper.cfbundle; includeInIndex = 0; path = "03-NSURLConnection-NSURLRequestTests.xctest"; sourceTree = BUILT_PRODUCTS_DIR; };
		57403E3D1C47579D0084AC76 /* _3_NSURLConnection_NSURLRequestTests.m */ = {isa = PBXFileReference; lastKnownFileType = sourcecode.c.objc; path = _3_NSURLConnection_NSURLRequestTests.m; sourceTree = "<group>"; };
		57403E3F1C47579D0084AC76 /* Info.plist */ = {isa = PBXFileReference; lastKnownFileType = text.plist.xml; path = Info.plist; sourceTree = "<group>"; };
		57403E441C47579D0084AC76 /* 03-NSURLConnection-NSURLRequestUITests.xctest */ = {isa = PBXFileReference; explicitFileType = wrapper.cfbundle; includeInIndex = 0; path = "03-NSURLConnection-NSURLRequestUITests.xctest"; sourceTree = BUILT_PRODUCTS_DIR; };
		57403E481C47579D0084AC76 /* _3_NSURLConnection_NSURLRequestUITests.m */ = {isa = PBXFileReference; lastKnownFileType = sourcecode.c.objc; path = _3_NSURLConnection_NSURLRequestUITests.m; sourceTree = "<group>"; };
		57403E4A1C47579D0084AC76 /* Info.plist */ = {isa = PBXFileReference; lastKnownFileType = text.plist.xml; path = Info.plist; sourceTree = "<group>"; };
/* End PBXFileReference section */

/* Begin PBXFrameworksBuildPhase section */
		57403E1D1C47579D0084AC76 /* Frameworks */ = {
			isa = PBXFrameworksBuildPhase;
			buildActionMask = 2147483647;
			files = (
			);
			runOnlyForDeploymentPostprocessing = 0;
		};
		57403E361C47579D0084AC76 /* Frameworks */ = {
			isa = PBXFrameworksBuildPhase;
			buildActionMask = 2147483647;
			files = (
			);
			runOnlyForDeploymentPostprocessing = 0;
		};
		57403E411C47579D0084AC76 /* Frameworks */ = {
			isa = PBXFrameworksBuildPhase;
			buildActionMask = 2147483647;
			files = (
			);
			runOnlyForDeploymentPostprocessing = 0;
		};
/* End PBXFrameworksBuildPhase section */

/* Begin PBXGroup section */
		57403E171C47579D0084AC76 = {
			isa = PBXGroup;
			children = (
				57403E221C47579D0084AC76 /* 03-NSURLConnection-NSURLRequest */,
				57403E3C1C47579D0084AC76 /* 03-NSURLConnection-NSURLRequestTests */,
				57403E471C47579D0084AC76 /* 03-NSURLConnection-NSURLRequestUITests */,
				57403E211C47579D0084AC76 /* Products */,
			);
			sourceTree = "<group>";
		};
		57403E211C47579D0084AC76 /* Products */ = {
			isa = PBXGroup;
			children = (
				57403E201C47579D0084AC76 /* 03-NSURLConnection-NSURLRequest.app */,
				57403E391C47579D0084AC76 /* 03-NSURLConnection-NSURLRequestTests.xctest */,
				57403E441C47579D0084AC76 /* 03-NSURLConnection-NSURLRequestUITests.xctest */,
			);
			name = Products;
			sourceTree = "<group>";
		};
		57403E221C47579D0084AC76 /* 03-NSURLConnection-NSURLRequest */ = {
			isa = PBXGroup;
			children = (
				57403E261C47579D0084AC76 /* AppDelegate.h */,
				57403E271C47579D0084AC76 /* AppDelegate.m */,
				57403E291C47579D0084AC76 /* ViewController.h */,
				57403E2A1C47579D0084AC76 /* ViewController.m */,
				57403E2C1C47579D0084AC76 /* Main.storyboard */,
				57403E2F1C47579D0084AC76 /* Assets.xcassets */,
				57403E311C47579D0084AC76 /* LaunchScreen.storyboard */,
				57403E341C47579D0084AC76 /* Info.plist */,
				57403E231C47579D0084AC76 /* Supporting Files */,
			);
			path = "03-NSURLConnection-NSURLRequest";
			sourceTree = "<group>";
		};
		57403E231C47579D0084AC76 /* Supporting Files */ = {
			isa = PBXGroup;
			children = (
				57403E241C47579D0084AC76 /* main.m */,
			);
			name = "Supporting Files";
			sourceTree = "<group>";
		};
		57403E3C1C47579D0084AC76 /* 03-NSURLConnection-NSURLRequestTests */ = {
			isa = PBXGroup;
			children = (
				57403E3D1C47579D0084AC76 /* _3_NSURLConnection_NSURLRequestTests.m */,
				57403E3F1C47579D0084AC76 /* Info.plist */,
			);
			path = "03-NSURLConnection-NSURLRequestTests";
			sourceTree = "<group>";
		};
		57403E471C47579D0084AC76 /* 03-NSURLConnection-NSURLRequestUITests */ = {
			isa = PBXGroup;
			children = (
				57403E481C47579D0084AC76 /* _3_NSURLConnection_NSURLRequestUITests.m */,
				57403E4A1C47579D0084AC76 /* Info.plist */,
			);
			path = "03-NSURLConnection-NSURLRequestUITests";
			sourceTree = "<group>";
		};
/* End PBXGroup section */

/* Begin PBXNativeTarget section */
		57403E1F1C47579D0084AC76 /* 03-NSURLConnection-NSURLRequest */ = {
			isa = PBXNativeTarget;
			buildConfigurationList = 57403E4D1C47579D0084AC76 /* Build configuration list for PBXNativeTarget "03-NSURLConnection-NSURLRequest" */;
			buildPhases = (
				57403E1C1C47579D0084AC76 /* Sources */,
				57403E1D1C47579D0084AC76 /* Frameworks */,
				57403E1E1C47579D0084AC76 /* Resources */,
			);
			buildRules = (
			);
			dependencies = (
			);
			name = "03-NSURLConnection-NSURLRequest";
			productName = "03-NSURLConnection-NSURLRequest";
			productReference = 57403E201C47579D0084AC76 /* 03-NSURLConnection-NSURLRequest.app */;
			productType = "com.apple.product-type.application";
		};
		57403E381C47579D0084AC76 /* 03-NSURLConnection-NSURLRequestTests */ = {
			isa = PBXNativeTarget;
			buildConfigurationList = 57403E501C47579D0084AC76 /* Build configuration list for PBXNativeTarget "03-NSURLConnection-NSURLRequestTests" */;
			buildPhases = (
				57403E351C47579D0084AC76 /* Sources */,
				57403E361C47579D0084AC76 /* Frameworks */,
				57403E371C47579D0084AC76 /* Resources */,
			);
			buildRules = (
			);
			dependencies = (
				57403E3B1C47579D0084AC76 /* PBXTargetDependency */,
			);
			name = "03-NSURLConnection-NSURLRequestTests";
			productName = "03-NSURLConnection-NSURLRequestTests";
			productReference = 57403E391C47579D0084AC76 /* 03-NSURLConnection-NSURLRequestTests.xctest */;
			productType = "com.apple.product-type.bundle.unit-test";
		};
		57403E431C47579D0084AC76 /* 03-NSURLConnection-NSURLRequestUITests */ = {
			isa = PBXNativeTarget;
			buildConfigurationList = 57403E531C47579D0084AC76 /* Build configuration list for PBXNativeTarget "03-NSURLConnection-NSURLRequestUITests" */;
			buildPhases = (
				57403E401C47579D0084AC76 /* Sources */,
				57403E411C47579D0084AC76 /* Frameworks */,
				57403E421C47579D0084AC76 /* Resources */,
			);
			buildRules = (
			);
			dependencies = (
				57403E461C47579D0084AC76 /* PBXTargetDependency */,
			);
			name = "03-NSURLConnection-NSURLRequestUITests";
			productName = "03-NSURLConnection-NSURLRequestUITests";
			productReference = 57403E441C47579D0084AC76 /* 03-NSURLConnection-NSURLRequestUITests.xctest */;
			productType = "com.apple.product-type.bundle.ui-testing";
		};
/* End PBXNativeTarget section */

/* Begin PBXProject section */
		57403E181C47579D0084AC76 /* Project object */ = {
			isa = PBXProject;
			attributes = {
				LastUpgradeCheck = 0720;
				ORGANIZATIONNAME = Heaven;
				TargetAttributes = {
					57403E1F1C47579D0084AC76 = {
						CreatedOnToolsVersion = 7.2;
						DevelopmentTeam = W2XG7P2NCL;
					};
					57403E381C47579D0084AC76 = {
						CreatedOnToolsVersion = 7.2;
						DevelopmentTeam = W2XG7P2NCL;
						TestTargetID = 57403E1F1C47579D0084AC76;
					};
					57403E431C47579D0084AC76 = {
						CreatedOnToolsVersion = 7.2;
						DevelopmentTeam = W2XG7P2NCL;
						TestTargetID = 57403E1F1C47579D0084AC76;
					};
				};
			};
			buildConfigurationList = 57403E1B1C47579D0084AC76 /* Build configuration list for PBXProject "03-NSURLConnection-NSURLRequest" */;
			compatibilityVersion = "Xcode 3.2";
			developmentRegion = English;
			hasScannedForEncodings = 0;
			knownRegions = (
				en,
				Base,
			);
			mainGroup = 57403E171C47579D0084AC76;
			productRefGroup = 57403E211C47579D0084AC76 /* Products */;
			projectDirPath = "";
			projectRoot = "";
			targets = (
				57403E1F1C47579D0084AC76 /* 03-NSURLConnection-NSURLRequest */,
				57403E381C47579D0084AC76 /* 03-NSURLConnection-NSURLRequestTests */,
				57403E431C47579D0084AC76 /* 03-NSURLConnection-NSURLRequestUITests */,
			);
		};
/* End PBXProject section */

/* Begin PBXResourcesBuildPhase section */
		57403E1E1C47579D0084AC76 /* Resources */ = {
			isa = PBXResourcesBuildPhase;
			buildActionMask = 2147483647;
			files = (
				57403E331C47579D0084AC76 /* LaunchScreen.storyboard in Resources */,
				57403E301C47579D0084AC76 /* Assets.xcassets in Resources */,
				57403E2E1C47579D0084AC76 /* Main.storyboard in Resources */,
			);
			runOnlyForDeploymentPostprocessing = 0;
		};
		57403E371C47579D0084AC76 /* Resources */ = {
			isa = PBXResourcesBuildPhase;
			buildActionMask = 2147483647;
			files = (
			);
			runOnlyForDeploymentPostprocessing = 0;
		};
		57403E421C47579D0084AC76 /* Resources */ = {
			isa = PBXResourcesBuildPhase;
			buildActionMask = 2147483647;
			files = (
			);
			runOnlyForDeploymentPostprocessing = 0;
		};
/* End PBXResourcesBuildPhase section */

/* Begin PBXSourcesBuildPhase section */
		57403E1C1C47579D0084AC76 /* Sources */ = {
			isa = PBXSourcesBuildPhase;
			buildActionMask = 2147483647;
			files = (
				57403E2B1C47579D0084AC76 /* ViewController.m in Sources */,
				57403E281C47579D0084AC76 /* AppDelegate.m in Sources */,
				57403E251C47579D0084AC76 /* main.m in Sources */,
			);
			runOnlyForDeploymentPostprocessing = 0;
		};
		57403E351C47579D0084AC76 /* Sources */ = {
			isa = PBXSourcesBuildPhase;
			buildActionMask = 2147483647;
			files = (
				57403E3E1C47579D0084AC76 /* _3_NSURLConnection_NSURLRequestTests.m in Sources */,
			);
			runOnlyForDeploymentPostprocessing = 0;
		};
		57403E401C47579D0084AC76 /* Sources */ = {
			isa = PBXSourcesBuildPhase;
			buildActionMask = 2147483647;
			files = (
				57403E491C47579D0084AC76 /* _3_NSURLConnection_NSURLRequestUITests.m in Sources */,
			);
			runOnlyForDeploymentPostprocessing = 0;
		};
/* End PBXSourcesBuildPhase section */

/* Begin PBXTargetDependency section */
		57403E3B1C47579D0084AC76 /* PBXTargetDependency */ = {
			isa = PBXTargetDependency;
			target = 57403E1F1C47579D0084AC76 /* 03-NSURLConnection-NSURLRequest */;
			targetProxy = 57403E3A1C47579D0084AC76 /* PBXContainerItemProxy */;
		};
		57403E461C47579D0084AC76 /* PBXTargetDependency */ = {
			isa = PBXTargetDependency;
			target = 57403E1F1C47579D0084AC76 /* 03-NSURLConnection-NSURLRequest */;
			targetProxy = 57403E451C47579D0084AC76 /* PBXContainerItemProxy */;
		};
/* End PBXTargetDependency section */

/* Begin PBXVariantGroup section */
		57403E2C1C47579D0084AC76 /* Main.storyboard */ = {
			isa = PBXVariantGroup;
			children = (
				57403E2D1C47579D0084AC76 /* Base */,
			);
			name = Main.storyboard;
			sourceTree = "<group>";
		};
		57403E311C47579D0084AC76 /* LaunchScreen.storyboard */ = {
			isa = PBXVariantGroup;
			children = (
				57403E321C47579D0084AC76 /* Base */,
			);
			name = LaunchScreen.storyboard;
			sourceTree = "<group>";
		};
/* End PBXVariantGroup section */

/* Begin XCBuildConfiguration section */
		57403E4B1C47579D0084AC76 /* Debug */ = {
			isa = XCBuildConfiguration;
			buildSettings = {
				ALWAYS_SEARCH_USER_PATHS = NO;
				CLANG_CXX_LANGUAGE_STANDARD = "gnu++0x";
				CLANG_CXX_LIBRARY = "libc++";
				CLANG_ENABLE_MODULES = YES;
				CLANG_ENABLE_OBJC_ARC = YES;
				CLANG_WARN_BOOL_CONVERSION = YES;
				CLANG_WARN_CONSTANT_CONVERSION = YES;
				CLANG_WARN_DIRECT_OBJC_ISA_USAGE = YES_ERROR;
				CLANG_WARN_EMPTY_BODY = YES;
				CLANG_WARN_ENUM_CONVERSION = YES;
				CLANG_WARN_INT_CONVERSION = YES;
				CLANG_WARN_OBJC_ROOT_CLASS = YES_ERROR;
				CLANG_WARN_UNREACHABLE_CODE = YES;
				CLANG_WARN__DUPLICATE_METHOD_MATCH = YES;
				"CODE_SIGN_IDENTITY[sdk=iphoneos*]" = "iPhone Developer";
				COPY_PHASE_STRIP = NO;
				DEBUG_INFORMATION_FORMAT = dwarf;
				ENABLE_STRICT_OBJC_MSGSEND = YES;
				ENABLE_TESTABILITY = YES;
				GCC_C_LANGUAGE_STANDARD = gnu99;
				GCC_DYNAMIC_NO_PIC = NO;
				GCC_NO_COMMON_BLOCKS = YES;
				GCC_OPTIMIZATION_LEVEL = 0;
				GCC_PREPROCESSOR_DEFINITIONS = (
					"DEBUG=1",
					"$(inherited)",
				);
				GCC_WARN_64_TO_32_BIT_CONVERSION = YES;
				GCC_WARN_ABOUT_RETURN_TYPE = YES_ERROR;
				GCC_WARN_UNDECLARED_SELECTOR = YES;
				GCC_WARN_UNINITIALIZED_AUTOS = YES_AGGRESSIVE;
				GCC_WARN_UNUSED_FUNCTION = YES;
				GCC_WARN_UNUSED_VARIABLE = YES;
				IPHONEOS_DEPLOYMENT_TARGET = 9.2;
				MTL_ENABLE_DEBUG_INFO = YES;
				ONLY_ACTIVE_ARCH = YES;
				SDKROOT = iphoneos;
				TARGETED_DEVICE_FAMILY = "1,2";
			};
			name = Debug;
		};
		57403E4C1C47579D0084AC76 /* Release */ = {
			isa = XCBuildConfiguration;
			buildSettings = {
				ALWAYS_SEARCH_USER_PATHS = NO;
				CLANG_CXX_LANGUAGE_STANDARD = "gnu++0x";
				CLANG_CXX_LIBRARY = "libc++";
				CLANG_ENABLE_MODULES = YES;
				CLANG_ENABLE_OBJC_ARC = YES;
				CLANG_WARN_BOOL_CONVERSION = YES;
				CLANG_WARN_CONSTANT_CONVERSION = YES;
				CLANG_WARN_DIRECT_OBJC_ISA_USAGE = YES_ERROR;
				CLANG_WARN_EMPTY_BODY = YES;
				CLANG_WARN_ENUM_CONVERSION = YES;
				CLANG_WARN_INT_CONVERSION = YES;
				CLANG_WARN_OBJC_ROOT_CLASS = YES_ERROR;
				CLANG_WARN_UNREACHABLE_CODE = YES;
				CLANG_WARN__DUPLICATE_METHOD_MATCH = YES;
				"CODE_SIGN_IDENTITY[sdk=iphoneos*]" = "iPhone Developer";
				COPY_PHASE_STRIP = NO;
				DEBUG_INFORMATION_FORMAT = "dwarf-with-dsym";
				ENABLE_NS_ASSERTIONS = NO;
				ENABLE_STRICT_OBJC_MSGSEND = YES;
				GCC_C_LANGUAGE_STANDARD = gnu99;
				GCC_NO_COMMON_BLOCKS = YES;
				GCC_WARN_64_TO_32_BIT_CONVERSION = YES;
				GCC_WARN_ABOUT_RETURN_TYPE = YES_ERROR;
				GCC_WARN_UNDECLARED_SELECTOR = YES;
				GCC_WARN_UNINITIALIZED_AUTOS = YES_AGGRESSIVE;
				GCC_WARN_UNUSED_FUNCTION = YES;
				GCC_WARN_UNUSED_VARIABLE = YES;
				IPHONEOS_DEPLOYMENT_TARGET = 9.2;
				MTL_ENABLE_DEBUG_INFO = NO;
				SDKROOT = iphoneos;
				TARGETED_DEVICE_FAMILY = "1,2";
				VALIDATE_PRODUCT = YES;
			};
			name = Release;
		};
		57403E4E1C47579D0084AC76 /* Debug */ = {
			isa = XCBuildConfiguration;
			buildSettings = {
				ASSETCATALOG_COMPILER_APPICON_NAME = AppIcon;
				INFOPLIST_FILE = "03-NSURLConnection-NSURLRequest/Info.plist";
				IPHONEOS_DEPLOYMENT_TARGET = 8.2;
				LD_RUNPATH_SEARCH_PATHS = "$(inherited) @executable_path/Frameworks";
				PRODUCT_BUNDLE_IDENTIFIER = "com.zzu.-3-NSURLConnection-NSURLRequest";
				PRODUCT_NAME = "$(TARGET_NAME)";
			};
			name = Debug;
		};
		57403E4F1C47579D0084AC76 /* Release */ = {
			isa = XCBuildConfiguration;
			buildSettings = {
				ASSETCATALOG_COMPILER_APPICON_NAME = AppIcon;
				INFOPLIST_FILE = "03-NSURLConnection-NSURLRequest/Info.plist";
				IPHONEOS_DEPLOYMENT_TARGET = 8.2;
				LD_RUNPATH_SEARCH_PATHS = "$(inherited) @executable_path/Frameworks";
				PRODUCT_BUNDLE_IDENTIFIER = "com.zzu.-3-NSURLConnection-NSURLRequest";
				PRODUCT_NAME = "$(TARGET_NAME)";
			};
			name = Release;
		};
		57403E511C47579D0084AC76 /* Debug */ = {
			isa = XCBuildConfiguration;
			buildSettings = {
				BUNDLE_LOADER = "$(TEST_HOST)";
				INFOPLIST_FILE = "03-NSURLConnection-NSURLRequestTests/Info.plist";
				LD_RUNPATH_SEARCH_PATHS = "$(inherited) @executable_path/Frameworks @loader_path/Frameworks";
				PRODUCT_BUNDLE_IDENTIFIER = "com.zzu.-3-NSURLConnection-NSURLRequestTests";
				PRODUCT_NAME = "$(TARGET_NAME)";
				TEST_HOST = "$(BUILT_PRODUCTS_DIR)/03-NSURLConnection-NSURLRequest.app/03-NSURLConnection-NSURLRequest";
			};
			name = Debug;
		};
		57403E521C47579D0084AC76 /* Release */ = {
			isa = XCBuildConfiguration;
			buildSettings = {
				BUNDLE_LOADER = "$(TEST_HOST)";
				INFOPLIST_FILE = "03-NSURLConnection-NSURLRequestTests/Info.plist";
				LD_RUNPATH_SEARCH_PATHS = "$(inherited) @executable_path/Frameworks @loader_path/Frameworks";
				PRODUCT_BUNDLE_IDENTIFIER = "com.zzu.-3-NSURLConnection-NSURLRequestTests";
				PRODUCT_NAME = "$(TARGET_NAME)";
				TEST_HOST = "$(BUILT_PRODUCTS_DIR)/03-NSURLConnection-NSURLRequest.app/03-NSURLConnection-NSURLRequest";
			};
			name = Release;
		};
		57403E541C47579D0084AC76 /* Debug */ = {
			isa = XCBuildConfiguration;
			buildSettings = {
				INFOPLIST_FILE = "03-NSURLConnection-NSURLRequestUITests/Info.plist";
				LD_RUNPATH_SEARCH_PATHS = "$(inherited) @executable_path/Frameworks @loader_path/Frameworks";
				PRODUCT_BUNDLE_IDENTIFIER = "com.zzu.-3-NSURLConnection-NSURLRequestUITests";
				PRODUCT_NAME = "$(TARGET_NAME)";
				TEST_TARGET_NAME = "03-NSURLConnection-NSURLRequest";
				USES_XCTRUNNER = YES;
			};
			name = Debug;
		};
		57403E551C47579D0084AC76 /* Release */ = {
			isa = XCBuildConfiguration;
			buildSettings = {
				INFOPLIST_FILE = "03-NSURLConnection-NSURLRequestUITests/Info.plist";
				LD_RUNPATH_SEARCH_PATHS = "$(inherited) @executable_path/Frameworks @loader_path/Frameworks";
				PRODUCT_BUNDLE_IDENTIFIER = "com.zzu.-3-NSURLConnection-NSURLRequestUITests";
				PRODUCT_NAME = "$(TARGET_NAME)";
				TEST_TARGET_NAME = "03-NSURLConnection-NSURLRequest";
				USES_XCTRUNNER = YES;
			};
			name = Release;
		};
/* End XCBuildConfiguration section */

/* Begin XCConfigurationList section */
		57403E1B1C47579D0084AC76 /* Build configuration list for PBXProject "03-NSURLConnection-NSURLRequest" */ = {
			isa = XCConfigurationList;
			buildConfigurations = (
				57403E4B1C47579D0084AC76 /* Debug */,
				57403E4C1C47579D0084AC76 /* Release */,
			);
			defaultConfigurationIsVisible = 0;
			defaultConfigurationName = Release;
		};
		57403E4D1C47579D0084AC76 /* Build configuration list for PBXNativeTarget "03-NSURLConnection-NSURLRequest" */ = {
			isa = XCConfigurationList;
			buildConfigurations = (
				57403E4E1C47579D0084AC76 /* Debug */,
				57403E4F1C47579D0084AC76 /* Release */,
			);
			defaultConfigurationIsVisible = 0;
		};
		57403E501C47579D0084AC76 /* Build configuration list for PBXNativeTarget "03-NSURLConnection-NSURLRequestTests" */ = {
			isa = XCConfigurationList;
			buildConfigurations = (
				57403E511C47579D0084AC76 /* Debug */,
				57403E521C47579D0084AC76 /* Release */,
			);
			defaultConfigurationIsVisible = 0;
		};
		57403E531C47579D0084AC76 /* Build configuration list for PBXNativeTarget "03-NSURLConnection-NSURLRequestUITests" */ = {
			isa = XCConfigurationList;
			buildConfigurations = (
				57403E541C47579D0084AC76 /* Debug */,
				57403E551C47579D0084AC76 /* Release */,
			);
			defaultConfigurationIsVisible = 0;
		};
/* End XCConfigurationList section */
	};
	rootObject = 57403E181C47579D0084AC76 /* Project object */;
}
